
Microsoft Visual Studio Solution File, Format Version 12.00
# Visual Studio 15
VisualStudioVersion = 15.0.28010.2036
MinimumVisualStudioVersion = 10.0.40219.1
Project("{9A19103F-16F7-4668-BE54-9A1E7A4F7556}") = "ExamplePlugin", "Examples\ExamplePlugin\ExamplePlugin.csproj", "{B1C611BC-EDA9-4706-AC15-EE9C9DE2EBC2}"
EndProject
Project("{2150E333-8FDC-42A3-9474-1A3956D46DE8}") = "Server", "Server", "{F357BCA8-CE01-4AE4-8C27-643B54CC9214}"
EndProject
Project("{2150E333-8FDC-42A3-9474-1A3956D46DE8}") = "Plugins", "Plugins", "{93D09E01-30F2-4B3B-88F7-EC2E62AB3840}"
EndProject
Project("{2150E333-8FDC-42A3-9474-1A3956D46DE8}") = "Tests", "Tests", "{CDBAE606-50E3-429D-8769-73773D992957}"
EndProject
Project("{2150E333-8FDC-42A3-9474-1A3956D46DE8}") = "Switcher", "Switcher", "{CC9DA8FC-25DB-4581-A5F6-CD18C671BCE7}"
EndProject
Project("{2150E333-8FDC-42A3-9474-1A3956D46DE8}") = "Utilities", "Utilities", "{5BF7D1D4-97CE-4D5C-BB4C-F8E2F31CBE57}"
EndProject
Project("{FAE04EC0-301F-11D3-BF4B-00C04F79EFBC}") = "osu.Game", "osu\osu.Game\osu.Game.csproj", "{61F991C0-B71D-4383-BDD4-27DD70AA16E9}"
EndProject
Project("{FAE04EC0-301F-11D3-BF4B-00C04F79EFBC}") = "osu.Game.Rulesets.Catch", "osu\osu.Game.Rulesets.Catch\osu.Game.Rulesets.Catch.csproj", "{11CCF369-31DE-4384-91BD-9E060AF2FB43}"
EndProject
Project("{2150E333-8FDC-42A3-9474-1A3956D46DE8}") = "Osu", "Osu", "{A9633A88-E769-4A80-AA3E-CBA840DF45DC}"
EndProject
Project("{2150E333-8FDC-42A3-9474-1A3956D46DE8}") = "Rulesets", "Rulesets", "{E3EEDA5F-8548-45F9-AD06-EA3BF2DBD8FC}"
EndProject
Project("{FAE04EC0-301F-11D3-BF4B-00C04F79EFBC}") = "osu.Game.Rulesets.Mania", "osu\osu.Game.Rulesets.Mania\osu.Game.Rulesets.Mania.csproj", "{64A68ED8-0D96-4A83-A346-1F8C7556F9C4}"
EndProject
Project("{FAE04EC0-301F-11D3-BF4B-00C04F79EFBC}") = "osu.Game.Rulesets.Osu", "osu\osu.Game.Rulesets.Osu\osu.Game.Rulesets.Osu.csproj", "{2254EB98-F072-4201-B940-D44623C35C9E}"
EndProject
Project("{FAE04EC0-301F-11D3-BF4B-00C04F79EFBC}") = "osu.Game.Rulesets.Taiko", "osu\osu.Game.Rulesets.Taiko\osu.Game.Rulesets.Taiko.csproj", "{8FCA7CC4-DEFB-4009-A1BD-B919B5D4B277}"
EndProject
Project("{FAE04EC0-301F-11D3-BF4B-00C04F79EFBC}") = "Ripple.MergeTool", "src\Ripple.MergeTool\Ripple.MergeTool.csproj", "{DD6035CF-DA80-4013-ACBC-9148115F1445}"
EndProject
Project("{FAE04EC0-301F-11D3-BF4B-00C04F79EFBC}") = "Sora.Tests", "Tests\Sora.Tests\Sora.Tests.csproj", "{1E418266-4377-447B-B720-E865D3DFA9A9}"
EndProject
Project("{FAE04EC0-301F-11D3-BF4B-00C04F79EFBC}") = "Sora.Framework", "src\Sora.Framework\Sora.Framework.csproj", "{53B95480-0384-45BA-AB1A-91806C32E69A}"
EndProject
Project("{FAE04EC0-301F-11D3-BF4B-00C04F79EFBC}") = "Sora.Framework.Tests", "Tests\Sora.Framework.Tests\Sora.Framework.Tests.csproj", "{2ECC6B31-8306-4ABD-BD1E-66F82AB9DE7A}"
EndProject
Project("{FAE04EC0-301F-11D3-BF4B-00C04F79EFBC}") = "Sora", "src\Sora\Sora.csproj", "{6C44EF7D-360D-4E78-963B-138F1058D415}"
EndProject
Global
	GlobalSection(SolutionConfigurationPlatforms) = preSolution
		Debug|Any CPU = Debug|Any CPU
		Release|Any CPU = Release|Any CPU
	EndGlobalSection
	GlobalSection(ProjectConfigurationPlatforms) = postSolution
		{B1C611BC-EDA9-4706-AC15-EE9C9DE2EBC2}.Debug|Any CPU.ActiveCfg = Debug|Any CPU
		{B1C611BC-EDA9-4706-AC15-EE9C9DE2EBC2}.Debug|Any CPU.Build.0 = Debug|Any CPU
		{B1C611BC-EDA9-4706-AC15-EE9C9DE2EBC2}.Release|Any CPU.ActiveCfg = Debug|Any CPU
		{B1C611BC-EDA9-4706-AC15-EE9C9DE2EBC2}.Release|Any CPU.Build.0 = Debug|Any CPU
		{61F991C0-B71D-4383-BDD4-27DD70AA16E9}.Debug|Any CPU.ActiveCfg = Debug|Any CPU
		{61F991C0-B71D-4383-BDD4-27DD70AA16E9}.Debug|Any CPU.Build.0 = Debug|Any CPU
		{61F991C0-B71D-4383-BDD4-27DD70AA16E9}.Release|Any CPU.ActiveCfg = Release|Any CPU
		{61F991C0-B71D-4383-BDD4-27DD70AA16E9}.Release|Any CPU.Build.0 = Release|Any CPU
		{11CCF369-31DE-4384-91BD-9E060AF2FB43}.Debug|Any CPU.ActiveCfg = Debug|Any CPU
		{11CCF369-31DE-4384-91BD-9E060AF2FB43}.Debug|Any CPU.Build.0 = Debug|Any CPU
		{11CCF369-31DE-4384-91BD-9E060AF2FB43}.Release|Any CPU.ActiveCfg = Release|Any CPU
		{11CCF369-31DE-4384-91BD-9E060AF2FB43}.Release|Any CPU.Build.0 = Release|Any CPU
		{64A68ED8-0D96-4A83-A346-1F8C7556F9C4}.Debug|Any CPU.ActiveCfg = Debug|Any CPU
		{64A68ED8-0D96-4A83-A346-1F8C7556F9C4}.Debug|Any CPU.Build.0 = Debug|Any CPU
		{64A68ED8-0D96-4A83-A346-1F8C7556F9C4}.Release|Any CPU.ActiveCfg = Release|Any CPU
		{64A68ED8-0D96-4A83-A346-1F8C7556F9C4}.Release|Any CPU.Build.0 = Release|Any CPU
		{2254EB98-F072-4201-B940-D44623C35C9E}.Debug|Any CPU.ActiveCfg = Debug|Any CPU
		{2254EB98-F072-4201-B940-D44623C35C9E}.Debug|Any CPU.Build.0 = Debug|Any CPU
		{2254EB98-F072-4201-B940-D44623C35C9E}.Release|Any CPU.ActiveCfg = Release|Any CPU
		{2254EB98-F072-4201-B940-D44623C35C9E}.Release|Any CPU.Build.0 = Release|Any CPU
		{8FCA7CC4-DEFB-4009-A1BD-B919B5D4B277}.Debug|Any CPU.ActiveCfg = Debug|Any CPU
		{8FCA7CC4-DEFB-4009-A1BD-B919B5D4B277}.Debug|Any CPU.Build.0 = Debug|Any CPU
		{8FCA7CC4-DEFB-4009-A1BD-B919B5D4B277}.Release|Any CPU.ActiveCfg = Release|Any CPU
		{8FCA7CC4-DEFB-4009-A1BD-B919B5D4B277}.Release|Any CPU.Build.0 = Release|Any CPU
		{DD6035CF-DA80-4013-ACBC-9148115F1445}.Debug|Any CPU.ActiveCfg = Debug|Any CPU
		{DD6035CF-DA80-4013-ACBC-9148115F1445}.Debug|Any CPU.Build.0 = Debug|Any CPU
		{DD6035CF-DA80-4013-ACBC-9148115F1445}.Release|Any CPU.ActiveCfg = Release|Any CPU
		{DD6035CF-DA80-4013-ACBC-9148115F1445}.Release|Any CPU.Build.0 = Release|Any CPU
		{1E418266-4377-447B-B720-E865D3DFA9A9}.Debug|Any CPU.ActiveCfg = Debug|Any CPU
		{1E418266-4377-447B-B720-E865D3DFA9A9}.Debug|Any CPU.Build.0 = Debug|Any CPU
		{1E418266-4377-447B-B720-E865D3DFA9A9}.Release|Any CPU.ActiveCfg = Release|Any CPU
		{1E418266-4377-447B-B720-E865D3DFA9A9}.Release|Any CPU.Build.0 = Release|Any CPU
		{53B95480-0384-45BA-AB1A-91806C32E69A}.Debug|Any CPU.ActiveCfg = Debug|Any CPU
		{53B95480-0384-45BA-AB1A-91806C32E69A}.Debug|Any CPU.Build.0 = Debug|Any CPU
		{53B95480-0384-45BA-AB1A-91806C32E69A}.Release|Any CPU.ActiveCfg = Release|Any CPU
		{53B95480-0384-45BA-AB1A-91806C32E69A}.Release|Any CPU.Build.0 = Release|Any CPU
		{2ECC6B31-8306-4ABD-BD1E-66F82AB9DE7A}.Debug|Any CPU.ActiveCfg = Debug|Any CPU
		{2ECC6B31-8306-4ABD-BD1E-66F82AB9DE7A}.Debug|Any CPU.Build.0 = Debug|Any CPU
		{2ECC6B31-8306-4ABD-BD1E-66F82AB9DE7A}.Release|Any CPU.ActiveCfg = Release|Any CPU
		{2ECC6B31-8306-4ABD-BD1E-66F82AB9DE7A}.Release|Any CPU.Build.0 = Release|Any CPU
		{6C44EF7D-360D-4E78-963B-138F1058D415}.Debug|Any CPU.ActiveCfg = Debug|Any CPU
		{6C44EF7D-360D-4E78-963B-138F1058D415}.Debug|Any CPU.Build.0 = Debug|Any CPU
		{6C44EF7D-360D-4E78-963B-138F1058D415}.Release|Any CPU.ActiveCfg = Release|Any CPU
		{6C44EF7D-360D-4E78-963B-138F1058D415}.Release|Any CPU.Build.0 = Release|Any CPU
	EndGlobalSection
	GlobalSection(SolutionProperties) = preSolution
		HideSolutionNode = FALSE
	EndGlobalSection
	GlobalSection(NestedProjects) = preSolution
		{B1C611BC-EDA9-4706-AC15-EE9C9DE2EBC2} = {93D09E01-30F2-4B3B-88F7-EC2E62AB3840}
		{61F991C0-B71D-4383-BDD4-27DD70AA16E9} = {A9633A88-E769-4A80-AA3E-CBA840DF45DC}
		{E3EEDA5F-8548-45F9-AD06-EA3BF2DBD8FC} = {A9633A88-E769-4A80-AA3E-CBA840DF45DC}
		{11CCF369-31DE-4384-91BD-9E060AF2FB43} = {E3EEDA5F-8548-45F9-AD06-EA3BF2DBD8FC}
		{64A68ED8-0D96-4A83-A346-1F8C7556F9C4} = {E3EEDA5F-8548-45F9-AD06-EA3BF2DBD8FC}
		{2254EB98-F072-4201-B940-D44623C35C9E} = {E3EEDA5F-8548-45F9-AD06-EA3BF2DBD8FC}
		{8FCA7CC4-DEFB-4009-A1BD-B919B5D4B277} = {E3EEDA5F-8548-45F9-AD06-EA3BF2DBD8FC}
		{DD6035CF-DA80-4013-ACBC-9148115F1445} = {5BF7D1D4-97CE-4D5C-BB4C-F8E2F31CBE57}
		{1E418266-4377-447B-B720-E865D3DFA9A9} = {CDBAE606-50E3-429D-8769-73773D992957}
		{2ECC6B31-8306-4ABD-BD1E-66F82AB9DE7A} = {CDBAE606-50E3-429D-8769-73773D992957}
		{6C44EF7D-360D-4E78-963B-138F1058D415} = {F357BCA8-CE01-4AE4-8C27-643B54CC9214}
	EndGlobalSection
	GlobalSection(ExtensibilityGlobals) = postSolution
		SolutionGuid = {A9CBD0A5-3EDC-4215-A58C-BE4C0F16F22A}
	EndGlobalSection
EndGlobal
