
Microsoft Visual Studio Solution File, Format Version 12.00
# Visual Studio 15
VisualStudioVersion = 15.0.28010.2036
MinimumVisualStudioVersion = 10.0.40219.1
Project("{9A19103F-16F7-4668-BE54-9A1E7A4F7556}") = "Sora", "Sora\Sora.csproj", "{8F272BCA-61A5-41BB-AE63-648AF5671823}"
EndProject
Project("{9A19103F-16F7-4668-BE54-9A1E7A4F7556}") = "ExamplePlugin", "ExamplePlugin\ExamplePlugin.csproj", "{B1C611BC-EDA9-4706-AC15-EE9C9DE2EBC2}"
EndProject
Project("{2150E333-8FDC-42A3-9474-1A3956D46DE8}") = "Server", "Server", "{F357BCA8-CE01-4AE4-8C27-643B54CC9214}"
EndProject
Project("{2150E333-8FDC-42A3-9474-1A3956D46DE8}") = "Plugins", "Plugins", "{93D09E01-30F2-4B3B-88F7-EC2E62AB3840}"
EndProject
Project("{9A19103F-16F7-4668-BE54-9A1E7A4F7556}") = "Shared", "Shared\Shared.csproj", "{F6DCDDE8-35D1-4EFC-AFE0-F01FD496A5F1}"
EndProject
Project("{9A19103F-16F7-4668-BE54-9A1E7A4F7556}") = "Jibril", "Jibril\Jibril.csproj", "{26937D32-2FDF-4AE1-98C4-39F99B55F497}"
EndProject
Project("{2150E333-8FDC-42A3-9474-1A3956D46DE8}") = "Tests", "Tests", "{CDBAE606-50E3-429D-8769-73773D992957}"
EndProject
Project("{9A19103F-16F7-4668-BE54-9A1E7A4F7556}") = "Playground", "Playground\Playground.csproj", "{24E23C8A-9290-44DB-9182-844101DAF4DF}"
EndProject
Project("{9A19103F-16F7-4668-BE54-9A1E7A4F7556}") = "Shared Tests", "Shared Tests\Shared Tests.csproj", "{58268D08-8342-417F-95A3-5A214A9B64BF}"
EndProject
Project("{9A19103F-16F7-4668-BE54-9A1E7A4F7556}") = "Sora Tests", "Sora Tests\Sora Tests.csproj", "{52F65B00-3FCC-488E-9CEB-A04DFFA46284}"
EndProject
Project("{9A19103F-16F7-4668-BE54-9A1E7A4F7556}") = "Jibril Tests", "Jibril Tests\Jibril Tests.csproj", "{22554B2E-33F7-4B74-9A41-1FD757B5E2CB}"
EndProject
Global
	GlobalSection(SolutionConfigurationPlatforms) = preSolution
		Debug|Any CPU = Debug|Any CPU
		Release|Any CPU = Release|Any CPU
	EndGlobalSection
	GlobalSection(ProjectConfigurationPlatforms) = postSolution
		{8F272BCA-61A5-41BB-AE63-648AF5671823}.Debug|Any CPU.ActiveCfg = Debug|Any CPU
		{8F272BCA-61A5-41BB-AE63-648AF5671823}.Debug|Any CPU.Build.0 = Debug|Any CPU
		{8F272BCA-61A5-41BB-AE63-648AF5671823}.Release|Any CPU.ActiveCfg = Release|Any CPU
		{8F272BCA-61A5-41BB-AE63-648AF5671823}.Release|Any CPU.Build.0 = Release|Any CPU
		{B1C611BC-EDA9-4706-AC15-EE9C9DE2EBC2}.Debug|Any CPU.ActiveCfg = Debug|Any CPU
		{B1C611BC-EDA9-4706-AC15-EE9C9DE2EBC2}.Debug|Any CPU.Build.0 = Debug|Any CPU
		{B1C611BC-EDA9-4706-AC15-EE9C9DE2EBC2}.Release|Any CPU.ActiveCfg = Release|Any CPU
		{B1C611BC-EDA9-4706-AC15-EE9C9DE2EBC2}.Release|Any CPU.Build.0 = Release|Any CPU
		{F6DCDDE8-35D1-4EFC-AFE0-F01FD496A5F1}.Debug|Any CPU.ActiveCfg = Debug|Any CPU
		{F6DCDDE8-35D1-4EFC-AFE0-F01FD496A5F1}.Debug|Any CPU.Build.0 = Debug|Any CPU
		{F6DCDDE8-35D1-4EFC-AFE0-F01FD496A5F1}.Release|Any CPU.ActiveCfg = Release|Any CPU
		{F6DCDDE8-35D1-4EFC-AFE0-F01FD496A5F1}.Release|Any CPU.Build.0 = Release|Any CPU
		{26937D32-2FDF-4AE1-98C4-39F99B55F497}.Debug|Any CPU.ActiveCfg = Debug|Any CPU
		{26937D32-2FDF-4AE1-98C4-39F99B55F497}.Debug|Any CPU.Build.0 = Debug|Any CPU
		{26937D32-2FDF-4AE1-98C4-39F99B55F497}.Release|Any CPU.ActiveCfg = Release|Any CPU
		{26937D32-2FDF-4AE1-98C4-39F99B55F497}.Release|Any CPU.Build.0 = Release|Any CPU
		{24E23C8A-9290-44DB-9182-844101DAF4DF}.Debug|Any CPU.ActiveCfg = Debug|Any CPU
		{24E23C8A-9290-44DB-9182-844101DAF4DF}.Debug|Any CPU.Build.0 = Debug|Any CPU
		{24E23C8A-9290-44DB-9182-844101DAF4DF}.Release|Any CPU.ActiveCfg = Release|Any CPU
		{24E23C8A-9290-44DB-9182-844101DAF4DF}.Release|Any CPU.Build.0 = Release|Any CPU
		{58268D08-8342-417F-95A3-5A214A9B64BF}.Debug|Any CPU.ActiveCfg = Debug|Any CPU
		{58268D08-8342-417F-95A3-5A214A9B64BF}.Debug|Any CPU.Build.0 = Debug|Any CPU
		{58268D08-8342-417F-95A3-5A214A9B64BF}.Release|Any CPU.ActiveCfg = Release|Any CPU
		{58268D08-8342-417F-95A3-5A214A9B64BF}.Release|Any CPU.Build.0 = Release|Any CPU
		{52F65B00-3FCC-488E-9CEB-A04DFFA46284}.Debug|Any CPU.ActiveCfg = Debug|Any CPU
		{52F65B00-3FCC-488E-9CEB-A04DFFA46284}.Debug|Any CPU.Build.0 = Debug|Any CPU
		{52F65B00-3FCC-488E-9CEB-A04DFFA46284}.Release|Any CPU.ActiveCfg = Release|Any CPU
		{52F65B00-3FCC-488E-9CEB-A04DFFA46284}.Release|Any CPU.Build.0 = Release|Any CPU
		{22554B2E-33F7-4B74-9A41-1FD757B5E2CB}.Debug|Any CPU.ActiveCfg = Debug|Any CPU
		{22554B2E-33F7-4B74-9A41-1FD757B5E2CB}.Debug|Any CPU.Build.0 = Debug|Any CPU
		{22554B2E-33F7-4B74-9A41-1FD757B5E2CB}.Release|Any CPU.ActiveCfg = Release|Any CPU
		{22554B2E-33F7-4B74-9A41-1FD757B5E2CB}.Release|Any CPU.Build.0 = Release|Any CPU
	EndGlobalSection
	GlobalSection(SolutionProperties) = preSolution
		HideSolutionNode = FALSE
	EndGlobalSection
	GlobalSection(NestedProjects) = preSolution
		{8F272BCA-61A5-41BB-AE63-648AF5671823} = {F357BCA8-CE01-4AE4-8C27-643B54CC9214}
		{B1C611BC-EDA9-4706-AC15-EE9C9DE2EBC2} = {93D09E01-30F2-4B3B-88F7-EC2E62AB3840}
		{F6DCDDE8-35D1-4EFC-AFE0-F01FD496A5F1} = {F357BCA8-CE01-4AE4-8C27-643B54CC9214}
		{26937D32-2FDF-4AE1-98C4-39F99B55F497} = {F357BCA8-CE01-4AE4-8C27-643B54CC9214}
		{24E23C8A-9290-44DB-9182-844101DAF4DF} = {CDBAE606-50E3-429D-8769-73773D992957}
		{58268D08-8342-417F-95A3-5A214A9B64BF} = {CDBAE606-50E3-429D-8769-73773D992957}
		{52F65B00-3FCC-488E-9CEB-A04DFFA46284} = {CDBAE606-50E3-429D-8769-73773D992957}
		{22554B2E-33F7-4B74-9A41-1FD757B5E2CB} = {CDBAE606-50E3-429D-8769-73773D992957}
	EndGlobalSection
	GlobalSection(ExtensibilityGlobals) = postSolution
		SolutionGuid = {A9CBD0A5-3EDC-4215-A58C-BE4C0F16F22A}
	EndGlobalSection
EndGlobal
