
Microsoft Visual Studio Solution File, Format Version 12.00
# Visual Studio 15
VisualStudioVersion = 15.0.28010.2036
MinimumVisualStudioVersion = 10.0.40219.1
Project("{9A19103F-16F7-4668-BE54-9A1E7A4F7556}") = "Sora", "Sora\Sora.csproj", "{8F272BCA-61A5-41BB-AE63-648AF5671823}"
EndProject
Project("{9A19103F-16F7-4668-BE54-9A1E7A4F7556}") = "ExamplePlugin", "ExamplePlugin\ExamplePlugin.csproj", "{B1C611BC-EDA9-4706-AC15-EE9C9DE2EBC2}"
EndProject
Project("{2150E333-8FDC-42A3-9474-1A3956D46DE8}") = "Server", "Server", "{F357BCA8-CE01-4AE4-8C27-643B54CC9214}"
EndProject
Project("{2150E333-8FDC-42A3-9474-1A3956D46DE8}") = "Plugins", "Plugins", "{93D09E01-30F2-4B3B-88F7-EC2E62AB3840}"
EndProject
Project("{9A19103F-16F7-4668-BE54-9A1E7A4F7556}") = "Shared", "Shared\Shared.csproj", "{F6DCDDE8-35D1-4EFC-AFE0-F01FD496A5F1}"
EndProject
Project("{2150E333-8FDC-42A3-9474-1A3956D46DE8}") = "Tests", "Tests", "{CDBAE606-50E3-429D-8769-73773D992957}"
EndProject
Project("{FAE04EC0-301F-11D3-BF4B-00C04F79EFBC}") = "EventManager", "EventManager\EventManager.csproj", "{322C8CA6-482C-481C-A7C3-A9C6AE44FDA4}"
EndProject
Project("{2150E333-8FDC-42A3-9474-1A3956D46DE8}") = "Utilities", "Utilities", "{DD57D7DE-6402-4EE4-B23F-C5B4145561F8}"
EndProject
Project("{FAE04EC0-301F-11D3-BF4B-00C04F79EFBC}") = "Jibril", "Jibril\Jibril.csproj", "{D78D7300-1E2A-4F6E-8EA6-70FA19EB4A2A}"
EndProject
Project("{2150E333-8FDC-42A3-9474-1A3956D46DE8}") = "Switcher", "Switcher", "{CC9DA8FC-25DB-4581-A5F6-CD18C671BCE7}"
EndProject
Project("{FAE04EC0-301F-11D3-BF4B-00C04F79EFBC}") = "JibrilConnector", "JibrilConnector\JibrilConnector.csproj", "{B00BE43C-1237-4D79-A65E-EBB799EB4268}"
EndProject
Project("{FAE04EC0-301F-11D3-BF4B-00C04F79EFBC}") = "PeppyPoints", "PeppyPoints\PeppyPoints.csproj", "{3DA189C5-1EA8-4FEF-9D25-9286C4CABE43}"
EndProject
Project("{FAE04EC0-301F-11D3-BF4B-00C04F79EFBC}") = "PeppyPointsTests", "PeppyPointsTests\PeppyPointsTests.csproj", "{F81994EE-1FBA-4B86-B8AA-8D6911679573}"
EndProject
Global
	GlobalSection(SolutionConfigurationPlatforms) = preSolution
		Debug|Any CPU = Debug|Any CPU
		Release|Any CPU = Release|Any CPU
	EndGlobalSection
	GlobalSection(ProjectConfigurationPlatforms) = postSolution
		{8F272BCA-61A5-41BB-AE63-648AF5671823}.Debug|Any CPU.ActiveCfg = Debug|Any CPU
		{8F272BCA-61A5-41BB-AE63-648AF5671823}.Debug|Any CPU.Build.0 = Debug|Any CPU
		{8F272BCA-61A5-41BB-AE63-648AF5671823}.Release|Any CPU.ActiveCfg = Debug|Any CPU
		{8F272BCA-61A5-41BB-AE63-648AF5671823}.Release|Any CPU.Build.0 = Debug|Any CPU
		{B1C611BC-EDA9-4706-AC15-EE9C9DE2EBC2}.Debug|Any CPU.ActiveCfg = Debug|Any CPU
		{B1C611BC-EDA9-4706-AC15-EE9C9DE2EBC2}.Debug|Any CPU.Build.0 = Debug|Any CPU
		{B1C611BC-EDA9-4706-AC15-EE9C9DE2EBC2}.Release|Any CPU.ActiveCfg = Debug|Any CPU
		{B1C611BC-EDA9-4706-AC15-EE9C9DE2EBC2}.Release|Any CPU.Build.0 = Debug|Any CPU
		{F6DCDDE8-35D1-4EFC-AFE0-F01FD496A5F1}.Debug|Any CPU.ActiveCfg = Debug|Any CPU
		{F6DCDDE8-35D1-4EFC-AFE0-F01FD496A5F1}.Debug|Any CPU.Build.0 = Debug|Any CPU
		{F6DCDDE8-35D1-4EFC-AFE0-F01FD496A5F1}.Release|Any CPU.ActiveCfg = Debug|Any CPU
		{F6DCDDE8-35D1-4EFC-AFE0-F01FD496A5F1}.Release|Any CPU.Build.0 = Debug|Any CPU
		{322C8CA6-482C-481C-A7C3-A9C6AE44FDA4}.Debug|Any CPU.ActiveCfg = Debug|Any CPU
		{322C8CA6-482C-481C-A7C3-A9C6AE44FDA4}.Debug|Any CPU.Build.0 = Debug|Any CPU
		{322C8CA6-482C-481C-A7C3-A9C6AE44FDA4}.Release|Any CPU.ActiveCfg = Release|Any CPU
		{322C8CA6-482C-481C-A7C3-A9C6AE44FDA4}.Release|Any CPU.Build.0 = Release|Any CPU
		{D78D7300-1E2A-4F6E-8EA6-70FA19EB4A2A}.Debug|Any CPU.ActiveCfg = Debug|Any CPU
		{D78D7300-1E2A-4F6E-8EA6-70FA19EB4A2A}.Debug|Any CPU.Build.0 = Debug|Any CPU
		{D78D7300-1E2A-4F6E-8EA6-70FA19EB4A2A}.Release|Any CPU.ActiveCfg = Release|Any CPU
		{D78D7300-1E2A-4F6E-8EA6-70FA19EB4A2A}.Release|Any CPU.Build.0 = Release|Any CPU
		{B00BE43C-1237-4D79-A65E-EBB799EB4268}.Debug|Any CPU.ActiveCfg = Debug|Any CPU
		{B00BE43C-1237-4D79-A65E-EBB799EB4268}.Debug|Any CPU.Build.0 = Debug|Any CPU
		{B00BE43C-1237-4D79-A65E-EBB799EB4268}.Release|Any CPU.ActiveCfg = Release|Any CPU
		{B00BE43C-1237-4D79-A65E-EBB799EB4268}.Release|Any CPU.Build.0 = Release|Any CPU
		{3DA189C5-1EA8-4FEF-9D25-9286C4CABE43}.Debug|Any CPU.ActiveCfg = Debug|Any CPU
		{3DA189C5-1EA8-4FEF-9D25-9286C4CABE43}.Debug|Any CPU.Build.0 = Debug|Any CPU
		{3DA189C5-1EA8-4FEF-9D25-9286C4CABE43}.Release|Any CPU.ActiveCfg = Release|Any CPU
		{3DA189C5-1EA8-4FEF-9D25-9286C4CABE43}.Release|Any CPU.Build.0 = Release|Any CPU
		{F81994EE-1FBA-4B86-B8AA-8D6911679573}.Debug|Any CPU.ActiveCfg = Debug|Any CPU
		{F81994EE-1FBA-4B86-B8AA-8D6911679573}.Debug|Any CPU.Build.0 = Debug|Any CPU
		{F81994EE-1FBA-4B86-B8AA-8D6911679573}.Release|Any CPU.ActiveCfg = Release|Any CPU
		{F81994EE-1FBA-4B86-B8AA-8D6911679573}.Release|Any CPU.Build.0 = Release|Any CPU
	EndGlobalSection
	GlobalSection(SolutionProperties) = preSolution
		HideSolutionNode = FALSE
	EndGlobalSection
	GlobalSection(NestedProjects) = preSolution
		{8F272BCA-61A5-41BB-AE63-648AF5671823} = {F357BCA8-CE01-4AE4-8C27-643B54CC9214}
		{B1C611BC-EDA9-4706-AC15-EE9C9DE2EBC2} = {93D09E01-30F2-4B3B-88F7-EC2E62AB3840}
		{322C8CA6-482C-481C-A7C3-A9C6AE44FDA4} = {DD57D7DE-6402-4EE4-B23F-C5B4145561F8}
		{F6DCDDE8-35D1-4EFC-AFE0-F01FD496A5F1} = {DD57D7DE-6402-4EE4-B23F-C5B4145561F8}
		{D78D7300-1E2A-4F6E-8EA6-70FA19EB4A2A} = {F357BCA8-CE01-4AE4-8C27-643B54CC9214}
		{B00BE43C-1237-4D79-A65E-EBB799EB4268} = {93D09E01-30F2-4B3B-88F7-EC2E62AB3840}
		{3DA189C5-1EA8-4FEF-9D25-9286C4CABE43} = {DD57D7DE-6402-4EE4-B23F-C5B4145561F8}
		{F81994EE-1FBA-4B86-B8AA-8D6911679573} = {CDBAE606-50E3-429D-8769-73773D992957}
	EndGlobalSection
	GlobalSection(ExtensibilityGlobals) = postSolution
		SolutionGuid = {A9CBD0A5-3EDC-4215-A58C-BE4C0F16F22A}
	EndGlobalSection
EndGlobal
